
Microsoft Visual Studio Solution File, Format Version 12.00
# Visual Studio Version 17
VisualStudioVersion = 17.13.35931.197 d17.13
MinimumVisualStudioVersion = 10.0.40219.1
Project("{FAE04EC0-301F-11D3-BF4B-00C04F79EFBC}") = "QuanLyQuayThuoc_Server", "QuanLyQuayThuoc_Server\QuanLyQuayThuoc.csproj", "{4D7EA190-CBDA-4EEB-A815-F64686897EBA}"
EndProject
Global
	GlobalSection(SolutionConfigurationPlatforms) = preSolution
		Debug|Any CPU = Debug|Any CPU
		Release|Any CPU = Release|Any CPU
	EndGlobalSection
	GlobalSection(ProjectConfigurationPlatforms) = postSolution
		{4D7EA190-CBDA-4EEB-A815-F64686897EBA}.Debug|Any CPU.ActiveCfg = Debug|Any CPU
		{4D7EA190-CBDA-4EEB-A815-F64686897EBA}.Debug|Any CPU.Build.0 = Debug|Any CPU
		{4D7EA190-CBDA-4EEB-A815-F64686897EBA}.Release|Any CPU.ActiveCfg = Release|Any CPU
		{4D7EA190-CBDA-4EEB-A815-F64686897EBA}.Release|Any CPU.Build.0 = Release|Any CPU
	EndGlobalSection
	GlobalSection(SolutionProperties) = preSolution
		HideSolutionNode = FALSE
	EndGlobalSection
	GlobalSection(ExtensibilityGlobals) = postSolution
		SolutionGuid = {0C804303-2032-413A-9F56-DFDBEE7287E5}
	EndGlobalSection
EndGlobal
